
Microsoft Visual Studio Solution File, Format Version 12.00
# Visual Studio Version 17
VisualStudioVersion = 17.3.32611.2
MinimumVisualStudioVersion = 10.0.40219.1
Project("{9A19103F-16F7-4668-BE54-9A1E7A4F7556}") = "FizzBuzz", "FizzBuzz\FizzBuzz.csproj", "{352C7A29-95C3-40A0-AE59-BE63190C32D4}"
EndProject
Project("{FAE04EC0-301F-11D3-BF4B-00C04F79EFBC}") = "FizzBuzz.UnitTests", "FizzBuzz.UnitTests\FizzBuzz.UnitTests.csproj", "{93E32CD9-F722-48E4-A020-536F295E0905}"
EndProject
Global
	GlobalSection(SolutionConfigurationPlatforms) = preSolution
		Debug|Any CPU = Debug|Any CPU
		Release|Any CPU = Release|Any CPU
	EndGlobalSection
	GlobalSection(ProjectConfigurationPlatforms) = postSolution
		{352C7A29-95C3-40A0-AE59-BE63190C32D4}.Debug|Any CPU.ActiveCfg = Debug|Any CPU
		{352C7A29-95C3-40A0-AE59-BE63190C32D4}.Debug|Any CPU.Build.0 = Debug|Any CPU
		{352C7A29-95C3-40A0-AE59-BE63190C32D4}.Release|Any CPU.ActiveCfg = Release|Any CPU
		{352C7A29-95C3-40A0-AE59-BE63190C32D4}.Release|Any CPU.Build.0 = Release|Any CPU
		{93E32CD9-F722-48E4-A020-536F295E0905}.Debug|Any CPU.ActiveCfg = Debug|Any CPU
		{93E32CD9-F722-48E4-A020-536F295E0905}.Debug|Any CPU.Build.0 = Debug|Any CPU
		{93E32CD9-F722-48E4-A020-536F295E0905}.Release|Any CPU.ActiveCfg = Release|Any CPU
		{93E32CD9-F722-48E4-A020-536F295E0905}.Release|Any CPU.Build.0 = Release|Any CPU
	EndGlobalSection
	GlobalSection(SolutionProperties) = preSolution
		HideSolutionNode = FALSE
	EndGlobalSection
	GlobalSection(ExtensibilityGlobals) = postSolution
		SolutionGuid = {AA27D44F-8BA3-4724-84CA-0B5F44294FAA}
	EndGlobalSection
EndGlobal
