
Microsoft Visual Studio Solution File, Format Version 12.00
# Visual Studio Version 16
VisualStudioVersion = 16.0.31205.134
MinimumVisualStudioVersion = 10.0.40219.1
Project("{FAE04EC0-301F-11D3-BF4B-00C04F79EFBC}") = "FizzBuzz", "FizzBuzz\FizzBuzz.csproj", "{352C7A29-95C3-40A0-AE59-BE63190C32D4}"
EndProject
Global
	GlobalSection(SolutionConfigurationPlatforms) = preSolution
		Debug|Any CPU = Debug|Any CPU
		Release|Any CPU = Release|Any CPU
	EndGlobalSection
	GlobalSection(ProjectConfigurationPlatforms) = postSolution
		{352C7A29-95C3-40A0-AE59-BE63190C32D4}.Debug|Any CPU.ActiveCfg = Debug|Any CPU
		{352C7A29-95C3-40A0-AE59-BE63190C32D4}.Debug|Any CPU.Build.0 = Debug|Any CPU
		{352C7A29-95C3-40A0-AE59-BE63190C32D4}.Release|Any CPU.ActiveCfg = Release|Any CPU
		{352C7A29-95C3-40A0-AE59-BE63190C32D4}.Release|Any CPU.Build.0 = Release|Any CPU
	EndGlobalSection
	GlobalSection(SolutionProperties) = preSolution
		HideSolutionNode = FALSE
	EndGlobalSection
	GlobalSection(ExtensibilityGlobals) = postSolution
		SolutionGuid = {AA27D44F-8BA3-4724-84CA-0B5F44294FAA}
	EndGlobalSection
EndGlobal
